
Microsoft Visual Studio Solution File, Format Version 12.00
# Visual Studio Version 16
VisualStudioVersion = 16.0.30114.105
MinimumVisualStudioVersion = 10.0.40219.1
Project("{FAE04EC0-301F-11D3-BF4B-00C04F79EFBC}") = "KafkaConsole", "KafkaConsole\KafkaConsole.csproj", "{19FAB1AE-A7A8-4E5D-BF0A-905E456ED4D8}"
EndProject
Global
	GlobalSection(SolutionConfigurationPlatforms) = preSolution
		Debug|Any CPU = Debug|Any CPU
		Release|Any CPU = Release|Any CPU
	EndGlobalSection
	GlobalSection(ProjectConfigurationPlatforms) = postSolution
		{19FAB1AE-A7A8-4E5D-BF0A-905E456ED4D8}.Debug|Any CPU.ActiveCfg = Debug|Any CPU
		{19FAB1AE-A7A8-4E5D-BF0A-905E456ED4D8}.Debug|Any CPU.Build.0 = Debug|Any CPU
		{19FAB1AE-A7A8-4E5D-BF0A-905E456ED4D8}.Release|Any CPU.ActiveCfg = Release|Any CPU
		{19FAB1AE-A7A8-4E5D-BF0A-905E456ED4D8}.Release|Any CPU.Build.0 = Release|Any CPU
	EndGlobalSection
	GlobalSection(SolutionProperties) = preSolution
		HideSolutionNode = FALSE
	EndGlobalSection
	GlobalSection(ExtensibilityGlobals) = postSolution
		SolutionGuid = {BD0679F3-06E1-4AF4-8060-8752A1809F10}
	EndGlobalSection
EndGlobal
